
Microsoft Visual Studio Solution File, Format Version 12.00
# Visual Studio Version 17
VisualStudioVersion = 17.0.31912.275
MinimumVisualStudioVersion = 10.0.40219.1
Project("{FAE04EC0-301F-11D3-BF4B-00C04F79EFBC}") = "Coursework. EDairy", "Coursework. EDairy\Coursework. EDairy.csproj", "{742DCD94-E388-40EA-943F-B690ABA0B51B}"
EndProject
Global
	GlobalSection(SolutionConfigurationPlatforms) = preSolution
		Debug|Any CPU = Debug|Any CPU
		Release|Any CPU = Release|Any CPU
	EndGlobalSection
	GlobalSection(ProjectConfigurationPlatforms) = postSolution
		{742DCD94-E388-40EA-943F-B690ABA0B51B}.Debug|Any CPU.ActiveCfg = Debug|Any CPU
		{742DCD94-E388-40EA-943F-B690ABA0B51B}.Debug|Any CPU.Build.0 = Debug|Any CPU
		{742DCD94-E388-40EA-943F-B690ABA0B51B}.Release|Any CPU.ActiveCfg = Release|Any CPU
		{742DCD94-E388-40EA-943F-B690ABA0B51B}.Release|Any CPU.Build.0 = Release|Any CPU
	EndGlobalSection
	GlobalSection(SolutionProperties) = preSolution
		HideSolutionNode = FALSE
	EndGlobalSection
	GlobalSection(ExtensibilityGlobals) = postSolution
		SolutionGuid = {ED538DA2-7D4D-48F4-8F0A-5F98110DD574}
	EndGlobalSection
EndGlobal
